{
    "name": "@bdsx/realtime",
    "version": "1.0.0",
    "lockfileVersion": 2,
    "requires": true,
    "packages": {
        "": {
            "name": "@bdsx/realtime",
            "version": "1.0.0",
            "license": "MIT",
            "dependencies": {
                "suncalc": "^1.8.0"
            },
            "devDependencies": {
                "@types/suncalc": "^1.8.1",
                "bdsx": "file:../bdsx"
            }
        },
        "../bdsx": {
            "dev": true
        },
        "node_modules/@types/suncalc": {
            "version": "1.8.1",
            "resolved": "https://registry.npmjs.org/@types/suncalc/-/suncalc-1.8.1.tgz",
            "integrity": "sha512-PNtzFQhdAIw3x5HEjVMxbyBwciX42C/Cg6J1foq2z/t9rucLGGu9nqQxOl005wGZR/fOxw49exwZUCmbnT/vGw==",
            "dev": true
        },
        "node_modules/bdsx": {
            "resolved": "../bdsx",
            "link": true
        },
        "node_modules/suncalc": {
            "version": "1.8.0",
            "resolved": "https://registry.npmjs.org/suncalc/-/suncalc-1.8.0.tgz",
            "integrity": "sha1-HZiYEJVjB4dQ9JlKlZ5lTYdqy/U="
        }
    },
    "dependencies": {
        "@types/suncalc": {
            "version": "1.8.1",
            "resolved": "https://registry.npmjs.org/@types/suncalc/-/suncalc-1.8.1.tgz",
            "integrity": "sha512-PNtzFQhdAIw3x5HEjVMxbyBwciX42C/Cg6J1foq2z/t9rucLGGu9nqQxOl005wGZR/fOxw49exwZUCmbnT/vGw==",
            "dev": true
        },
        "bdsx": {
            "version": "file:../bdsx"
        },
        "suncalc": {
            "version": "1.8.0",
            "resolved": "https://registry.npmjs.org/suncalc/-/suncalc-1.8.0.tgz",
            "integrity": "sha1-HZiYEJVjB4dQ9JlKlZ5lTYdqy/U="
        }
    }
}
